
Microsoft Visual Studio Solution File, Format Version 12.00
# Visual Studio 15
VisualStudioVersion = 15.0.28307.705
MinimumVisualStudioVersion = 10.0.40219.1
Project("{FAE04EC0-301F-11D3-BF4B-00C04F79EFBC}") = "ConsoleApp4", "ConsoleApp4\ConsoleApp4.csproj", "{AA265A09-7F6E-4F21-9E0B-2694C7EB7A1C}"
EndProject
Project("{FAE04EC0-301F-11D3-BF4B-00C04F79EFBC}") = "NUnitTestProject1", "NUnitTestProject1\NUnitTestProject1.csproj", "{67E44A50-82E3-4B27-8AFD-013368037531}"
EndProject
Global
	GlobalSection(SolutionConfigurationPlatforms) = preSolution
		Debug|Any CPU = Debug|Any CPU
		Release|Any CPU = Release|Any CPU
	EndGlobalSection
	GlobalSection(ProjectConfigurationPlatforms) = postSolution
		{AA265A09-7F6E-4F21-9E0B-2694C7EB7A1C}.Debug|Any CPU.ActiveCfg = Debug|Any CPU
		{AA265A09-7F6E-4F21-9E0B-2694C7EB7A1C}.Debug|Any CPU.Build.0 = Debug|Any CPU
		{AA265A09-7F6E-4F21-9E0B-2694C7EB7A1C}.Release|Any CPU.ActiveCfg = Release|Any CPU
		{AA265A09-7F6E-4F21-9E0B-2694C7EB7A1C}.Release|Any CPU.Build.0 = Release|Any CPU
		{67E44A50-82E3-4B27-8AFD-013368037531}.Debug|Any CPU.ActiveCfg = Debug|Any CPU
		{67E44A50-82E3-4B27-8AFD-013368037531}.Debug|Any CPU.Build.0 = Debug|Any CPU
		{67E44A50-82E3-4B27-8AFD-013368037531}.Release|Any CPU.ActiveCfg = Release|Any CPU
		{67E44A50-82E3-4B27-8AFD-013368037531}.Release|Any CPU.Build.0 = Release|Any CPU
	EndGlobalSection
	GlobalSection(SolutionProperties) = preSolution
		HideSolutionNode = FALSE
	EndGlobalSection
	GlobalSection(ExtensibilityGlobals) = postSolution
		SolutionGuid = {6630689B-F15B-477A-BE26-733E99291300}
	EndGlobalSection
EndGlobal
